
Microsoft Visual Studio Solution File, Format Version 12.00
# Visual Studio 14
VisualStudioVersion = 14.0.25420.1
MinimumVisualStudioVersion = 10.0.40219.1
Project("{FAE04EC0-301F-11D3-BF4B-00C04F79EFBC}") = "SocialMedia.Provider", "SocialMedia.Provider\SocialMedia.Provider.csproj", "{F9A88973-B127-4124-86E1-6EB286AFEB76}"
EndProject
Project("{FAE04EC0-301F-11D3-BF4B-00C04F79EFBC}") = "SocialMedia.Web", "SocialMedia.Web\SocialMedia.Web.csproj", "{BAAE7589-8C57-4C2A-8A98-A53D8B7A1F72}"
EndProject
Project("{FAE04EC0-301F-11D3-BF4B-00C04F79EFBC}") = "SocialMedia.Helpers", "SocialMedia.Helpers\SocialMedia.Helpers.csproj", "{D9D7FAE8-46AE-4B05-9CEF-BCF5723670B1}"
EndProject
Project("{FAE04EC0-301F-11D3-BF4B-00C04F79EFBC}") = "SocialMedia.Helpers.Tests", "SocialMedia.Helpers.Tests\SocialMedia.Helpers.Tests.csproj", "{18702A6B-75F1-497E-9F07-CC306C78727E}"
EndProject
Project("{FAE04EC0-301F-11D3-BF4B-00C04F79EFBC}") = "SocialMedia.Twitter", "SocialMedia.Twitter\SocialMedia.Twitter.csproj", "{F78407CB-BA6E-4D23-9128-CDBC8861CFEA}"
EndProject
Global
	GlobalSection(SolutionConfigurationPlatforms) = preSolution
		Debug|Any CPU = Debug|Any CPU
		Release|Any CPU = Release|Any CPU
	EndGlobalSection
	GlobalSection(ProjectConfigurationPlatforms) = postSolution
		{F9A88973-B127-4124-86E1-6EB286AFEB76}.Debug|Any CPU.ActiveCfg = Debug|Any CPU
		{F9A88973-B127-4124-86E1-6EB286AFEB76}.Debug|Any CPU.Build.0 = Debug|Any CPU
		{F9A88973-B127-4124-86E1-6EB286AFEB76}.Release|Any CPU.ActiveCfg = Release|Any CPU
		{F9A88973-B127-4124-86E1-6EB286AFEB76}.Release|Any CPU.Build.0 = Release|Any CPU
		{BAAE7589-8C57-4C2A-8A98-A53D8B7A1F72}.Debug|Any CPU.ActiveCfg = Debug|Any CPU
		{BAAE7589-8C57-4C2A-8A98-A53D8B7A1F72}.Debug|Any CPU.Build.0 = Debug|Any CPU
		{BAAE7589-8C57-4C2A-8A98-A53D8B7A1F72}.Release|Any CPU.ActiveCfg = Release|Any CPU
		{BAAE7589-8C57-4C2A-8A98-A53D8B7A1F72}.Release|Any CPU.Build.0 = Release|Any CPU
		{D9D7FAE8-46AE-4B05-9CEF-BCF5723670B1}.Debug|Any CPU.ActiveCfg = Debug|Any CPU
		{D9D7FAE8-46AE-4B05-9CEF-BCF5723670B1}.Debug|Any CPU.Build.0 = Debug|Any CPU
		{D9D7FAE8-46AE-4B05-9CEF-BCF5723670B1}.Release|Any CPU.ActiveCfg = Release|Any CPU
		{D9D7FAE8-46AE-4B05-9CEF-BCF5723670B1}.Release|Any CPU.Build.0 = Release|Any CPU
		{18702A6B-75F1-497E-9F07-CC306C78727E}.Debug|Any CPU.ActiveCfg = Debug|Any CPU
		{18702A6B-75F1-497E-9F07-CC306C78727E}.Debug|Any CPU.Build.0 = Debug|Any CPU
		{18702A6B-75F1-497E-9F07-CC306C78727E}.Release|Any CPU.ActiveCfg = Release|Any CPU
		{18702A6B-75F1-497E-9F07-CC306C78727E}.Release|Any CPU.Build.0 = Release|Any CPU
		{F78407CB-BA6E-4D23-9128-CDBC8861CFEA}.Debug|Any CPU.ActiveCfg = Debug|Any CPU
		{F78407CB-BA6E-4D23-9128-CDBC8861CFEA}.Debug|Any CPU.Build.0 = Debug|Any CPU
		{F78407CB-BA6E-4D23-9128-CDBC8861CFEA}.Release|Any CPU.ActiveCfg = Release|Any CPU
		{F78407CB-BA6E-4D23-9128-CDBC8861CFEA}.Release|Any CPU.Build.0 = Release|Any CPU
	EndGlobalSection
	GlobalSection(SolutionProperties) = preSolution
		HideSolutionNode = FALSE
	EndGlobalSection
EndGlobal
